
Microsoft Visual Studio Solution File, Format Version 12.00
# Visual Studio Version 17
VisualStudioVersion = 17.6.33815.320
MinimumVisualStudioVersion = 10.0.40219.1
Project("{FAE04EC0-301F-11D3-BF4B-00C04F79EFBC}") = "Dusza2023", "Dusza2023.csproj", "{CE01CDBF-1AE3-4DB7-B41A-7EA65088E5C4}"
EndProject
Global
	GlobalSection(SolutionConfigurationPlatforms) = preSolution
		Debug|Any CPU = Debug|Any CPU
		Release|Any CPU = Release|Any CPU
	EndGlobalSection
	GlobalSection(ProjectConfigurationPlatforms) = postSolution
		{CE01CDBF-1AE3-4DB7-B41A-7EA65088E5C4}.Debug|Any CPU.ActiveCfg = Debug|Any CPU
		{CE01CDBF-1AE3-4DB7-B41A-7EA65088E5C4}.Debug|Any CPU.Build.0 = Debug|Any CPU
		{CE01CDBF-1AE3-4DB7-B41A-7EA65088E5C4}.Release|Any CPU.ActiveCfg = Release|Any CPU
		{CE01CDBF-1AE3-4DB7-B41A-7EA65088E5C4}.Release|Any CPU.Build.0 = Release|Any CPU
	EndGlobalSection
	GlobalSection(SolutionProperties) = preSolution
		HideSolutionNode = FALSE
	EndGlobalSection
	GlobalSection(ExtensibilityGlobals) = postSolution
		SolutionGuid = {E76740DA-25CF-46B6-AF40-793221F775A0}
	EndGlobalSection
EndGlobal
